
Microsoft Visual Studio Solution File, Format Version 11.00
# Visual Studio 2010
Project("{FAE04EC0-301F-11D3-BF4B-00C04F79EFBC}") = "MoneyCount", "Assembly-CSharp-firstpass.csproj", "{70C74A63-DCAD-3968-99A8-F87581166299}"
EndProject
Project("{FAE04EC0-301F-11D3-BF4B-00C04F79EFBC}") = "MoneyCount", "Assembly-CSharp.csproj", "{5CD21998-9D5C-294D-E66B-9F362F498850}"
EndProject
Project("{FAE04EC0-301F-11D3-BF4B-00C04F79EFBC}") = "MoneyCount", "Assembly-CSharp-Editor.csproj", "{F1295CF2-5267-EEBB-499B-86F11AF71F44}"
EndProject
Global
	GlobalSection(SolutionConfigurationPlatforms) = preSolution
		Debug|Any CPU = Debug|Any CPU
		Release|Any CPU = Release|Any CPU
	EndGlobalSection
	GlobalSection(ProjectConfigurationPlatforms) = postSolution
		{70C74A63-DCAD-3968-99A8-F87581166299}.Debug|Any CPU.ActiveCfg = Debug|Any CPU
		{70C74A63-DCAD-3968-99A8-F87581166299}.Debug|Any CPU.Build.0 = Debug|Any CPU
		{70C74A63-DCAD-3968-99A8-F87581166299}.Release|Any CPU.ActiveCfg = Release|Any CPU
		{70C74A63-DCAD-3968-99A8-F87581166299}.Release|Any CPU.Build.0 = Release|Any CPU
		{5CD21998-9D5C-294D-E66B-9F362F498850}.Debug|Any CPU.ActiveCfg = Debug|Any CPU
		{5CD21998-9D5C-294D-E66B-9F362F498850}.Debug|Any CPU.Build.0 = Debug|Any CPU
		{5CD21998-9D5C-294D-E66B-9F362F498850}.Release|Any CPU.ActiveCfg = Release|Any CPU
		{5CD21998-9D5C-294D-E66B-9F362F498850}.Release|Any CPU.Build.0 = Release|Any CPU
		{F1295CF2-5267-EEBB-499B-86F11AF71F44}.Debug|Any CPU.ActiveCfg = Debug|Any CPU
		{F1295CF2-5267-EEBB-499B-86F11AF71F44}.Debug|Any CPU.Build.0 = Debug|Any CPU
		{F1295CF2-5267-EEBB-499B-86F11AF71F44}.Release|Any CPU.ActiveCfg = Release|Any CPU
		{F1295CF2-5267-EEBB-499B-86F11AF71F44}.Release|Any CPU.Build.0 = Release|Any CPU
	EndGlobalSection
	GlobalSection(SolutionProperties) = preSolution
		HideSolutionNode = FALSE
	EndGlobalSection
	GlobalSection(MonoDevelopProperties) = preSolution
		StartupItem = Assembly-CSharp.csproj
	EndGlobalSection
EndGlobal
